{
  "lockfileVersion": 1,
  "workspaces": {
    "": {
      "name": "cosense-duplicator",
      "dependencies": {
        "@cosense/std": "npm:@jsr/cosense__std",
        "effect": "^3.18.4",
      },
      "devDependencies": {
        "@types/bun": "latest",
        "prettier": "^3.6.2",
      },
      "peerDependencies": {
        "typescript": "^5",
      },
    },
  },
  "packages": {
    "@cosense/std": ["@jsr/cosense__std@0.31.0", "https://npm.jsr.io/~/11/@jsr/cosense__std/0.31.0.tgz", { "dependencies": { "@jsr/core__iterutil": "^0.9.0", "@jsr/core__unknownutil": "^4.3.0", "@jsr/cosense__types": "^0.11.3", "@jsr/progfay__scrapbox-parser": "^10.0.2", "@jsr/std__async": "^1.0.14", "@jsr/std__encoding": "^1.0.10", "@jsr/std__http": "^1.0.20", "@jsr/std__json": "^1.0.2", "@jsr/std__testing": "^1.0.15", "@jsr/takker__md5": "0.1", "option-t": "53", "socket.io-client": "^4.8.1" } }, "sha512-uRqN2JP7y01sEuMFsj/5dGtF+bH7umsDW2FlbhvtcM6r+4yQX/F9fMcWrHQZfAgnOSH2N7myRkNYLmEQ8k44LQ=="],

    "@jsr/core__iterutil": ["@jsr/core__iterutil@0.9.0", "https://npm.jsr.io/~/11/@jsr/core__iterutil/0.9.0.tgz", {}, "sha512-4m89zR5WOKLz3YGyB+OaSgXuv0ddC9U0RpRTC21i/BXjr1RcRdePenUNpML+XrE3IAy/w2uOX3bg1JIVMjIZRw=="],

    "@jsr/core__unknownutil": ["@jsr/core__unknownutil@4.3.0", "https://npm.jsr.io/~/11/@jsr/core__unknownutil/4.3.0.tgz", {}, "sha512-Rs+fY0+WX4pYG6B93M3/C9MVpE77Jlr69iYTC2PU+hTLOyu5CcwN17Og7titcWRoTdEJhFHYb4T5q+1bnEGZfQ=="],

    "@jsr/cosense__types": ["@jsr/cosense__types@0.11.7", "https://npm.jsr.io/~/11/@jsr/cosense__types/0.11.7.tgz", {}, "sha512-SPYTcw768YycC2hCG+sAeG3c8Fsotu0E7fN+2Q+thkzq4wJ9HldcBRV4ln1IE4m32ugAtdhxat7QXgHXPvK9ag=="],

    "@jsr/progfay__scrapbox-parser": ["@jsr/progfay__scrapbox-parser@10.0.2", "https://npm.jsr.io/~/11/@jsr/progfay__scrapbox-parser/10.0.2.tgz", {}, "sha512-Ha1MTCg1g0p0Q26N+8QeLl6daKPhh0qV4EOzEICnjYFlOoNRpe2m/kYudpm0/4f8DUkDgejkcHR87S1b6FdlCA=="],

    "@jsr/std__assert": ["@jsr/std__assert@1.0.15", "https://npm.jsr.io/~/11/@jsr/std__assert/1.0.15.tgz", { "dependencies": { "@jsr/std__internal": "^1.0.12" } }, "sha512-iaekOy2yP8hMA5pN5PHMXic4MH0pRggviqTvPd4iEMkS66lDOFTV0uxDRwRc3ia4btRB39QiSUXJPpVZCQu8nA=="],

    "@jsr/std__async": ["@jsr/std__async@1.0.15", "https://npm.jsr.io/~/11/@jsr/std__async/1.0.15.tgz", {}, "sha512-GW6tMWwF79kKKVths4SWcju1cFykhcE+jiV6/k2IOW45611ji+Yomm0MZuW7JR4Oug+GXF0POrsAiSqL8k/9PQ=="],

    "@jsr/std__bytes": ["@jsr/std__bytes@1.0.6", "https://npm.jsr.io/~/11/@jsr/std__bytes/1.0.6.tgz", {}, "sha512-St6yKggjFGhxS52IFLJWvkchRFbAKg2Xh8UxA4S1EGz7GJ2Ui+ssDDldj/w2c8vCxvl6qgR0HaYbKeFJNqujmA=="],

    "@jsr/std__cli": ["@jsr/std__cli@1.0.23", "https://npm.jsr.io/~/11/@jsr/std__cli/1.0.23.tgz", { "dependencies": { "@jsr/std__internal": "^1.0.12" } }, "sha512-PrgJfjc8O2XHZTxPYsD0iqY6d5qrqviEEIhQc6LLaumYCqohLkC5nkagRk76O8tJCiV9VKcrU4mrazO4AM3JWg=="],

    "@jsr/std__data-structures": ["@jsr/std__data-structures@1.0.9", "https://npm.jsr.io/~/11/@jsr/std__data-structures/1.0.9.tgz", { "dependencies": { "@jsr/std__assert": "^1.0.13" } }, "sha512-+mT4Nll6fx+CPNqrlC+huhIOYNSMS+KUdJ4B8NujiQrh/bq++ds5PXpEsfV5EPR+YuWcuDGG0P1DE+Rednd7Wg=="],

    "@jsr/std__encoding": ["@jsr/std__encoding@1.0.10", "https://npm.jsr.io/~/11/@jsr/std__encoding/1.0.10.tgz", {}, "sha512-WK2njnDTyKefroRNk2Ooq7GStp6Y0ccAvr4To+Z/zecRAGe7+OSvH9DbiaHpAKwEi2KQbmpWMOYsdNt+TsdmSw=="],

    "@jsr/std__fmt": ["@jsr/std__fmt@1.0.8", "https://npm.jsr.io/~/11/@jsr/std__fmt/1.0.8.tgz", {}, "sha512-miZHzj9OgjuajrcMKzpqNVwFb9O71UHZzV/FHVq0E0Uwmv/1JqXgmXAoBNPrn+MP0fHT3mMgaZ6XvQO7dam67Q=="],

    "@jsr/std__fs": ["@jsr/std__fs@1.0.19", "https://npm.jsr.io/~/11/@jsr/std__fs/1.0.19.tgz", { "dependencies": { "@jsr/std__internal": "^1.0.9", "@jsr/std__path": "^1.1.1" } }, "sha512-TEjyE8g+46jPlu7dJHLrwc8NMGl8zfG+JjWxyNQyDbxP0RtqZ4JmYZfR9vy4RWYWJQbLpw6Kbt2n+K/2zAO/JA=="],

    "@jsr/std__html": ["@jsr/std__html@1.0.5", "https://npm.jsr.io/~/11/@jsr/std__html/1.0.5.tgz", {}, "sha512-8ypLaw6ORY7jisEvsXOS/D631/pMCX78mV7fyromfzJXxqb35OUNCBC2E4Ca0goKQJW8I2XhEgoFu0ZXaIiGvA=="],

    "@jsr/std__http": ["@jsr/std__http@1.0.21", "https://npm.jsr.io/~/11/@jsr/std__http/1.0.21.tgz", { "dependencies": { "@jsr/std__cli": "^1.0.23", "@jsr/std__encoding": "^1.0.10", "@jsr/std__fmt": "^1.0.8", "@jsr/std__fs": "^1.0.19", "@jsr/std__html": "^1.0.5", "@jsr/std__media-types": "^1.1.0", "@jsr/std__net": "^1.0.6", "@jsr/std__path": "^1.1.2", "@jsr/std__streams": "^1.0.13" } }, "sha512-uiBwxm5P/TwJQNQdE6gMVUEEG1XdZsRz0AcaFIvRNzFaAPKdLzsYVAOp4DwZrhQULpFFttxB/7T3JVYujZx0fw=="],

    "@jsr/std__internal": ["@jsr/std__internal@1.0.12", "https://npm.jsr.io/~/11/@jsr/std__internal/1.0.12.tgz", {}, "sha512-6xReMW9p+paJgqoFRpOE2nogJFvzPfaLHLIlyADYjKMUcwDyjKZxryIbgcU+gxiTygn8yCjld1HoI0ET4/iZeA=="],

    "@jsr/std__json": ["@jsr/std__json@1.0.2", "https://npm.jsr.io/~/11/@jsr/std__json/1.0.2.tgz", { "dependencies": { "@jsr/std__streams": "^1.0.9" } }, "sha512-6d7R77+6NBf/OwA/8pT6uI3UkME+nkdertGjB7ni4J+2izuDu8AjbUH9aRvj8XqU3LQsqqsIRD4a3DvprMQDWA=="],

    "@jsr/std__media-types": ["@jsr/std__media-types@1.1.0", "https://npm.jsr.io/~/11/@jsr/std__media-types/1.1.0.tgz", {}, "sha512-dHvaxHL7ENWnltgL653uo3KnKFse3ZbopZop2gqsT7yrscx7irZEClu5Cba7gMPPRk4Lg1FbriNcaBViM2RSBw=="],

    "@jsr/std__net": ["@jsr/std__net@1.0.6", "https://npm.jsr.io/~/11/@jsr/std__net/1.0.6.tgz", {}, "sha512-mh27Fw4UMCjGSIMoOhjia5cS5fNP9M9DZYhGB7EYSZNnzf/eguFiarii/W4oDwYMmnxCMouUzhc6Y7jFuwTzcg=="],

    "@jsr/std__path": ["@jsr/std__path@1.1.2", "https://npm.jsr.io/~/11/@jsr/std__path/1.1.2.tgz", { "dependencies": { "@jsr/std__internal": "^1.0.10" } }, "sha512-5hkOR1s5M7am02Bn9KS+SNMNwUSivz7t7/w2HBhFIfO7Eh8+mWilaZ+1tdanV9aaSHr4c99Zo4Da+cCSuzUOdA=="],

    "@jsr/std__streams": ["@jsr/std__streams@1.0.13", "https://npm.jsr.io/~/11/@jsr/std__streams/1.0.13.tgz", { "dependencies": { "@jsr/std__bytes": "^1.0.6" } }, "sha512-XeFuOkxi3BMrRnJ8nYNtfedY48M27ftThUuVuND74dTyOUJGCEUw1FBjpsNwQgeeATU8Cl/hX0Z7Rg66/ewEJA=="],

    "@jsr/std__testing": ["@jsr/std__testing@1.0.16", "https://npm.jsr.io/~/11/@jsr/std__testing/1.0.16.tgz", { "dependencies": { "@jsr/std__assert": "^1.0.15", "@jsr/std__async": "^1.0.15", "@jsr/std__data-structures": "^1.0.9", "@jsr/std__fs": "^1.0.19", "@jsr/std__internal": "^1.0.12", "@jsr/std__path": "^1.1.2" } }, "sha512-suPk2iMICErQVuRcNj7HweRbFYsBLjqnrI0NgNEXzBAJYv8lA+/87IXMgv/rvyqSABHn3X4ciynFZgpyPCI32A=="],

    "@jsr/takker__md5": ["@jsr/takker__md5@0.1.0", "https://npm.jsr.io/~/11/@jsr/takker__md5/0.1.0.tgz", {}, "sha512-PPE9oWxXq17shmtlml2Tl48Cq5ENM9AWk2i1caWCgqp2/Nn00ew8KZU0v/a563ulrapjm2XHLHgo/Ebm4BsX3Q=="],

    "@socket.io/component-emitter": ["@socket.io/component-emitter@3.1.2", "", {}, "sha512-9BCxFwvbGg/RsZK9tjXd8s4UcwR0MWeFQ1XEKIQVVvAGJyINdrqKMcTRyLoK8Rse1GjzLV9cwjWV1olXRWEXVA=="],

    "@standard-schema/spec": ["@standard-schema/spec@1.0.0", "", {}, "sha512-m2bOd0f2RT9k8QJx1JN85cZYyH1RqFBdlwtkSlf4tBDYLCiiZnv1fIIwacK6cqwXavOydf0NPToMQgpKq+dVlA=="],

    "@types/bun": ["@types/bun@1.3.0", "", { "dependencies": { "bun-types": "1.3.0" } }, "sha512-+lAGCYjXjip2qY375xX/scJeVRmZ5cY0wyHYyCYxNcdEXrQ4AOe3gACgd4iQ8ksOslJtW4VNxBJ8llUwc3a6AA=="],

    "@types/node": ["@types/node@24.9.1", "", { "dependencies": { "undici-types": "~7.16.0" } }, "sha512-QoiaXANRkSXK6p0Duvt56W208du4P9Uye9hWLWgGMDTEoKPhuenzNcC4vGUmrNkiOKTlIrBoyNQYNpSwfEZXSg=="],

    "@types/react": ["@types/react@19.2.2", "", { "dependencies": { "csstype": "^3.0.2" } }, "sha512-6mDvHUFSjyT2B2yeNx2nUgMxh9LtOWvkhIU3uePn2I2oyNymUAX1NIsdgviM4CH+JSrp2D2hsMvJOkxY+0wNRA=="],

    "bun-types": ["bun-types@1.3.0", "", { "dependencies": { "@types/node": "*" }, "peerDependencies": { "@types/react": "^19" } }, "sha512-u8X0thhx+yJ0KmkxuEo9HAtdfgCBaM/aI9K90VQcQioAmkVp3SG3FkwWGibUFz3WdXAdcsqOcbU40lK7tbHdkQ=="],

    "csstype": ["csstype@3.1.3", "", {}, "sha512-M1uQkMl8rQK/szD0LNhtqxIPLpimGm8sOBwU7lLnCpSbTyY3yeU1Vc7l4KT5zT4s/yOxHH5O7tIuuLOCnLADRw=="],

    "debug": ["debug@4.3.7", "", { "dependencies": { "ms": "^2.1.3" } }, "sha512-Er2nc/H7RrMXZBFCEim6TCmMk02Z8vLC2Rbi1KEBggpo0fS6l0S1nnapwmIi3yW/+GOJap1Krg4w0Hg80oCqgQ=="],

    "effect": ["effect@3.18.4", "", { "dependencies": { "@standard-schema/spec": "^1.0.0", "fast-check": "^3.23.1" } }, "sha512-b1LXQJLe9D11wfnOKAk3PKxuqYshQ0Heez+y5pnkd3jLj1yx9QhM72zZ9uUrOQyNvrs2GZZd/3maL0ZV18YuDA=="],

    "engine.io-client": ["engine.io-client@6.6.3", "", { "dependencies": { "@socket.io/component-emitter": "~3.1.0", "debug": "~4.3.1", "engine.io-parser": "~5.2.1", "ws": "~8.17.1", "xmlhttprequest-ssl": "~2.1.1" } }, "sha512-T0iLjnyNWahNyv/lcjS2y4oE358tVS/SYQNxYXGAJ9/GLgH4VCvOQ/mhTjqU88mLZCQgiG8RIegFHYCdVC+j5w=="],

    "engine.io-parser": ["engine.io-parser@5.2.3", "", {}, "sha512-HqD3yTBfnBxIrbnM1DoD6Pcq8NECnh8d4As1Qgh0z5Gg3jRRIqijury0CL3ghu/edArpUYiYqQiDUQBIs4np3Q=="],

    "fast-check": ["fast-check@3.23.2", "", { "dependencies": { "pure-rand": "^6.1.0" } }, "sha512-h5+1OzzfCC3Ef7VbtKdcv7zsstUQwUDlYpUTvjeUsJAssPgLn7QzbboPtL5ro04Mq0rPOsMzl7q5hIbRs2wD1A=="],

    "ms": ["ms@2.1.3", "", {}, "sha512-6FlzubTLZG3J2a/NVCAleEhjzq5oxgHyaCU9yYXvcLsvoVaHJq/s5xXI6/XXP6tz7R9xAOtHnSO/tXtF3WRTlA=="],

    "option-t": ["option-t@53.0.0", "", {}, "sha512-qsyo1cFXfUN1MVnxTrpcy+V4tJYEBvEQmeiDkC6m5W/V2JiNfs4V/qXmDGZg4k9XRR1EWkv3jT8TXSZnhGPBLA=="],

    "prettier": ["prettier@3.6.2", "", { "bin": { "prettier": "bin/prettier.cjs" } }, "sha512-I7AIg5boAr5R0FFtJ6rCfD+LFsWHp81dolrFD8S79U9tb8Az2nGrJncnMSnys+bpQJfRUzqs9hnA81OAA3hCuQ=="],

    "pure-rand": ["pure-rand@6.1.0", "", {}, "sha512-bVWawvoZoBYpp6yIoQtQXHZjmz35RSVHnUOTefl8Vcjr8snTPY1wnpSPMWekcFwbxI6gtmT7rSYPFvz71ldiOA=="],

    "socket.io-client": ["socket.io-client@4.8.1", "", { "dependencies": { "@socket.io/component-emitter": "~3.1.0", "debug": "~4.3.2", "engine.io-client": "~6.6.1", "socket.io-parser": "~4.2.4" } }, "sha512-hJVXfu3E28NmzGk8o1sHhN3om52tRvwYeidbj7xKy2eIIse5IoKX3USlS6Tqt3BHAtflLIkCQBkzVrEEfWUyYQ=="],

    "socket.io-parser": ["socket.io-parser@4.2.4", "", { "dependencies": { "@socket.io/component-emitter": "~3.1.0", "debug": "~4.3.1" } }, "sha512-/GbIKmo8ioc+NIWIhwdecY0ge+qVBSMdgxGygevmdHj24bsfgtCmcUUcQ5ZzcylGFHsN3k4HB4Cgkl96KVnuew=="],

    "typescript": ["typescript@5.9.3", "", { "bin": { "tsc": "bin/tsc", "tsserver": "bin/tsserver" } }, "sha512-jl1vZzPDinLr9eUt3J/t7V6FgNEw9QjvBPdysz9KfQDD41fQrC2Y4vKQdiaUpFT4bXlb1RHhLpp8wtm6M5TgSw=="],

    "undici-types": ["undici-types@7.16.0", "", {}, "sha512-Zz+aZWSj8LE6zoxD+xrjh4VfkIG8Ya6LvYkZqtUQGJPZjYl53ypCaUwWqo7eI0x66KBGeRo+mlBEkMSeSZ38Nw=="],

    "ws": ["ws@8.17.1", "", { "peerDependencies": { "bufferutil": "^4.0.1", "utf-8-validate": ">=5.0.2" }, "optionalPeers": ["bufferutil", "utf-8-validate"] }, "sha512-6XQFvXTkbfUOZOKKILFG1PDK2NDQs4azKQl26T0YS5CxqWLgXajbPZ+h4gZekJyRqFU8pvnbAbbs/3TgRPy+GQ=="],

    "xmlhttprequest-ssl": ["xmlhttprequest-ssl@2.1.2", "", {}, "sha512-TEU+nJVUUnA4CYJFLvK5X9AOeH4KvDvhIfm0vV1GaQRtchnG0hgK5p8hw/xjv8cunWYCsiPCSDzObPyhEwq3KQ=="],
  }
}
